
Microsoft Visual Studio Solution File, Format Version 12.00
# Visual Studio Version 17
VisualStudioVersion = 17.13.35919.96 d17.13
MinimumVisualStudioVersion = 10.0.40219.1
Project("{FAE04EC0-301F-11D3-BF4B-00C04F79EFBC}") = "IHospitalService", "IHospitalService\IHospitalService.csproj", "{3FD61970-5D2E-4B1F-9EB1-01BA0055B99E}"
EndProject
Global
	GlobalSection(SolutionConfigurationPlatforms) = preSolution
		Debug|Any CPU = Debug|Any CPU
		Release|Any CPU = Release|Any CPU
	EndGlobalSection
	GlobalSection(ProjectConfigurationPlatforms) = postSolution
		{3FD61970-5D2E-4B1F-9EB1-01BA0055B99E}.Debug|Any CPU.ActiveCfg = Debug|Any CPU
		{3FD61970-5D2E-4B1F-9EB1-01BA0055B99E}.Debug|Any CPU.Build.0 = Debug|Any CPU
		{3FD61970-5D2E-4B1F-9EB1-01BA0055B99E}.Release|Any CPU.ActiveCfg = Release|Any CPU
		{3FD61970-5D2E-4B1F-9EB1-01BA0055B99E}.Release|Any CPU.Build.0 = Release|Any CPU
	EndGlobalSection
	GlobalSection(SolutionProperties) = preSolution
		HideSolutionNode = FALSE
	EndGlobalSection
	GlobalSection(ExtensibilityGlobals) = postSolution
		SolutionGuid = {DB006691-BB96-48B2-96C8-43BAC30DD7BA}
	EndGlobalSection
EndGlobal
